{
  "name": "llm-events-generator",
  "version": "1.0.0",
  "lockfileVersion": 3,
  "requires": true,
  "packages": {
    "": {
      "name": "llm-events-generator",
      "version": "1.0.0",
      "dependencies": {
        "@faker-js/faker": "^9.5.1",
        "commander": "^11.0.0",
        "uuid": "^11.1.0"
      },
      "bin": {
        "generate-llm-events": "generate-llm-events.js"
      }
    },
    "node_modules/@faker-js/faker": {
      "version": "9.5.1",
      "resolved": "https://registry.npmjs.org/@faker-js/faker/-/faker-9.5.1.tgz",
      "integrity": "sha512-0fzMEDxkExR2cn731kpDaCCnBGBUOIXEi2S1N5l8Hltp6aPf4soTMJ+g4k8r2sI5oB+rpwIW8Uy/6jkwGpnWPg==",
      "funding": [
        {
          "type": "opencollective",
          "url": "https://opencollective.com/fakerjs"
        }
      ],
      "license": "MIT",
      "engines": {
        "node": ">=18.0.0",
        "npm": ">=9.0.0"
      }
    },
    "node_modules/commander": {
      "version": "11.1.0",
      "resolved": "https://registry.npmjs.org/commander/-/commander-11.1.0.tgz",
      "integrity": "sha512-yPVavfyCcRhmorC7rWlkHn15b4wDVgVmBA7kV4QVBsF7kv/9TKJAbAXVTxvTnwP8HHKjRCJDClKbciiYS7p0DQ==",
      "license": "MIT",
      "engines": {
        "node": ">=16"
      }
    },
    "node_modules/uuid": {
      "version": "11.1.0",
      "resolved": "https://registry.npmjs.org/uuid/-/uuid-11.1.0.tgz",
      "integrity": "sha512-0/A9rDy9P7cJ+8w1c9WD9V//9Wj15Ce2MPz8Ri6032usz+NfePxx5AcN3bN+r6ZL6jEo066/yNYB3tn4pQEx+A==",
      "funding": [
        "https://github.com/sponsors/broofa",
        "https://github.com/sponsors/ctavan"
      ],
      "license": "MIT",
      "bin": {
        "uuid": "dist/esm/bin/uuid"
      }
    }
  }
}
